
Microsoft Visual Studio Solution File, Format Version 12.00
# Visual Studio Version 17
VisualStudioVersion = 17.14.36327.8 d17.14
MinimumVisualStudioVersion = 10.0.40219.1
Project("{FAE04EC0-301F-11D3-BF4B-00C04F79EFBC}") = "TicketPriceCalculator", "TicketPriceCalculator.csproj", "{01639B96-C94F-4A23-BC68-95ED0C2E15E3}"
EndProject
Global
	GlobalSection(SolutionConfigurationPlatforms) = preSolution
		Debug|Any CPU = Debug|Any CPU
		Release|Any CPU = Release|Any CPU
	EndGlobalSection
	GlobalSection(ProjectConfigurationPlatforms) = postSolution
		{01639B96-C94F-4A23-BC68-95ED0C2E15E3}.Debug|Any CPU.ActiveCfg = Debug|Any CPU
		{01639B96-C94F-4A23-BC68-95ED0C2E15E3}.Debug|Any CPU.Build.0 = Debug|Any CPU
		{01639B96-C94F-4A23-BC68-95ED0C2E15E3}.Release|Any CPU.ActiveCfg = Release|Any CPU
		{01639B96-C94F-4A23-BC68-95ED0C2E15E3}.Release|Any CPU.Build.0 = Release|Any CPU
	EndGlobalSection
	GlobalSection(SolutionProperties) = preSolution
		HideSolutionNode = FALSE
	EndGlobalSection
	GlobalSection(ExtensibilityGlobals) = postSolution
		SolutionGuid = {A92062C7-ECF3-4CD0-A43D-C3FC8F2C2387}
	EndGlobalSection
EndGlobal
